
Microsoft Visual Studio Solution File, Format Version 12.00
# Visual Studio Version 16
VisualStudioVersion = 16.0.33214.272
MinimumVisualStudioVersion = 10.0.40219.1
Project("{FAE04EC0-301F-11D3-BF4B-00C04F79EFBC}") = "Fracciones mixtas a comunes", "Fracciones mixtas a comunes.csproj", "{6284873E-C788-4C50-8DCB-A661B30D0116}"
EndProject
Global
	GlobalSection(SolutionConfigurationPlatforms) = preSolution
		Debug|Any CPU = Debug|Any CPU
		Release|Any CPU = Release|Any CPU
	EndGlobalSection
	GlobalSection(ProjectConfigurationPlatforms) = postSolution
		{6284873E-C788-4C50-8DCB-A661B30D0116}.Debug|Any CPU.ActiveCfg = Debug|Any CPU
		{6284873E-C788-4C50-8DCB-A661B30D0116}.Debug|Any CPU.Build.0 = Debug|Any CPU
		{6284873E-C788-4C50-8DCB-A661B30D0116}.Release|Any CPU.ActiveCfg = Release|Any CPU
		{6284873E-C788-4C50-8DCB-A661B30D0116}.Release|Any CPU.Build.0 = Release|Any CPU
	EndGlobalSection
	GlobalSection(SolutionProperties) = preSolution
		HideSolutionNode = FALSE
	EndGlobalSection
	GlobalSection(ExtensibilityGlobals) = postSolution
		SolutionGuid = {D02B4004-D3CD-423F-B713-E9BB6E7FA276}
	EndGlobalSection
EndGlobal
